
Microsoft Visual Studio Solution File, Format Version 12.00
# Visual Studio Version 16
VisualStudioVersion = 16.0.33927.289
MinimumVisualStudioVersion = 10.0.40219.1
Project("{FAE04EC0-301F-11D3-BF4B-00C04F79EFBC}") = "Check", "Check\Check.csproj", "{69CF9D8B-68A0-4214-BF71-6FD2CFF7E585}"
EndProject
Global
	GlobalSection(SolutionConfigurationPlatforms) = preSolution
		Debug|Any CPU = Debug|Any CPU
		Release|Any CPU = Release|Any CPU
	EndGlobalSection
	GlobalSection(ProjectConfigurationPlatforms) = postSolution
		{69CF9D8B-68A0-4214-BF71-6FD2CFF7E585}.Debug|Any CPU.ActiveCfg = Debug|Any CPU
		{69CF9D8B-68A0-4214-BF71-6FD2CFF7E585}.Debug|Any CPU.Build.0 = Debug|Any CPU
		{69CF9D8B-68A0-4214-BF71-6FD2CFF7E585}.Release|Any CPU.ActiveCfg = Release|Any CPU
		{69CF9D8B-68A0-4214-BF71-6FD2CFF7E585}.Release|Any CPU.Build.0 = Release|Any CPU
	EndGlobalSection
	GlobalSection(SolutionProperties) = preSolution
		HideSolutionNode = FALSE
	EndGlobalSection
	GlobalSection(ExtensibilityGlobals) = postSolution
		SolutionGuid = {197563ED-20E8-46BD-8EA6-CE0E119A7A65}
	EndGlobalSection
EndGlobal
