
Microsoft Visual Studio Solution File, Format Version 12.00
# Visual Studio Version 16
VisualStudioVersion = 16.0.33927.289
MinimumVisualStudioVersion = 10.0.40219.1
Project("{FAE04EC0-301F-11D3-BF4B-00C04F79EFBC}") = "LastSecur", "LastSecur\LastSecur.csproj", "{929CA743-35E7-4731-80D1-B72D538AC6D3}"
EndProject
Global
	GlobalSection(SolutionConfigurationPlatforms) = preSolution
		Debug|Any CPU = Debug|Any CPU
		Release|Any CPU = Release|Any CPU
	EndGlobalSection
	GlobalSection(ProjectConfigurationPlatforms) = postSolution
		{929CA743-35E7-4731-80D1-B72D538AC6D3}.Debug|Any CPU.ActiveCfg = Debug|Any CPU
		{929CA743-35E7-4731-80D1-B72D538AC6D3}.Debug|Any CPU.Build.0 = Debug|Any CPU
		{929CA743-35E7-4731-80D1-B72D538AC6D3}.Release|Any CPU.ActiveCfg = Release|Any CPU
		{929CA743-35E7-4731-80D1-B72D538AC6D3}.Release|Any CPU.Build.0 = Release|Any CPU
	EndGlobalSection
	GlobalSection(SolutionProperties) = preSolution
		HideSolutionNode = FALSE
	EndGlobalSection
	GlobalSection(ExtensibilityGlobals) = postSolution
		SolutionGuid = {C69057BA-B429-44E5-B3CD-65B812FCE5F4}
	EndGlobalSection
EndGlobal
